
Microsoft Visual Studio Solution File, Format Version 12.00
# Visual Studio Version 17
VisualStudioVersion = 17.14.37628.2 d17.14
MinimumVisualStudioVersion = 10.0.40219.1
Project("{FAE04EC0-301F-11D3-BF4B-00C04F79EFBC}") = "01_Introduccion", "01_Introduccion\01_Introduccion.csproj", "{3B64C924-5EA7-45B8-B9DF-3F94207C2FCB}"
EndProject
Global
	GlobalSection(SolutionConfigurationPlatforms) = preSolution
		Debug|Any CPU = Debug|Any CPU
		Release|Any CPU = Release|Any CPU
	EndGlobalSection
	GlobalSection(ProjectConfigurationPlatforms) = postSolution
		{3B64C924-5EA7-45B8-B9DF-3F94207C2FCB}.Debug|Any CPU.ActiveCfg = Debug|Any CPU
		{3B64C924-5EA7-45B8-B9DF-3F94207C2FCB}.Debug|Any CPU.Build.0 = Debug|Any CPU
		{3B64C924-5EA7-45B8-B9DF-3F94207C2FCB}.Release|Any CPU.ActiveCfg = Release|Any CPU
		{3B64C924-5EA7-45B8-B9DF-3F94207C2FCB}.Release|Any CPU.Build.0 = Release|Any CPU
	EndGlobalSection
	GlobalSection(SolutionProperties) = preSolution
		HideSolutionNode = FALSE
	EndGlobalSection
	GlobalSection(ExtensibilityGlobals) = postSolution
		SolutionGuid = {F646E41D-3318-4D31-8066-426602CC9B79}
	EndGlobalSection
EndGlobal
