
Microsoft Visual Studio Solution File, Format Version 12.00
# Visual Studio Version 17
VisualStudioVersion = 17.14.37628.2 d17.14
MinimumVisualStudioVersion = 10.0.40219.1
Project("{FAE04EC0-301F-11D3-BF4B-00C04F79EFBC}") = "07_Matematicas", "07_Matematicas\07_Matematicas.csproj", "{4D5C9DFA-5A10-40E2-80ED-A4AAEEEA226E}"
EndProject
Global
	GlobalSection(SolutionConfigurationPlatforms) = preSolution
		Debug|Any CPU = Debug|Any CPU
		Release|Any CPU = Release|Any CPU
	EndGlobalSection
	GlobalSection(ProjectConfigurationPlatforms) = postSolution
		{4D5C9DFA-5A10-40E2-80ED-A4AAEEEA226E}.Debug|Any CPU.ActiveCfg = Debug|Any CPU
		{4D5C9DFA-5A10-40E2-80ED-A4AAEEEA226E}.Debug|Any CPU.Build.0 = Debug|Any CPU
		{4D5C9DFA-5A10-40E2-80ED-A4AAEEEA226E}.Release|Any CPU.ActiveCfg = Release|Any CPU
		{4D5C9DFA-5A10-40E2-80ED-A4AAEEEA226E}.Release|Any CPU.Build.0 = Release|Any CPU
	EndGlobalSection
	GlobalSection(SolutionProperties) = preSolution
		HideSolutionNode = FALSE
	EndGlobalSection
	GlobalSection(ExtensibilityGlobals) = postSolution
		SolutionGuid = {C5DBAAE7-2A1C-473A-BA68-E324CC8F940B}
	EndGlobalSection
EndGlobal
