
Microsoft Visual Studio Solution File, Format Version 12.00
# Visual Studio Version 17
VisualStudioVersion = 17.14.37628.2 d17.14
MinimumVisualStudioVersion = 10.0.40219.1
Project("{FAE04EC0-301F-11D3-BF4B-00C04F79EFBC}") = "03_Clases", "03_Clases\03_Clases.csproj", "{DD076987-5448-4568-A102-EF4A41225456}"
EndProject
Global
	GlobalSection(SolutionConfigurationPlatforms) = preSolution
		Debug|Any CPU = Debug|Any CPU
		Release|Any CPU = Release|Any CPU
	EndGlobalSection
	GlobalSection(ProjectConfigurationPlatforms) = postSolution
		{DD076987-5448-4568-A102-EF4A41225456}.Debug|Any CPU.ActiveCfg = Debug|Any CPU
		{DD076987-5448-4568-A102-EF4A41225456}.Debug|Any CPU.Build.0 = Debug|Any CPU
		{DD076987-5448-4568-A102-EF4A41225456}.Release|Any CPU.ActiveCfg = Release|Any CPU
		{DD076987-5448-4568-A102-EF4A41225456}.Release|Any CPU.Build.0 = Release|Any CPU
	EndGlobalSection
	GlobalSection(SolutionProperties) = preSolution
		HideSolutionNode = FALSE
	EndGlobalSection
	GlobalSection(ExtensibilityGlobals) = postSolution
		SolutionGuid = {12023232-C2DD-409B-BB7F-57177D65E2E1}
	EndGlobalSection
EndGlobal
